
Microsoft Visual Studio Solution File, Format Version 12.00
# Visual Studio Version 16
VisualStudioVersion = 16.0.31129.286
MinimumVisualStudioVersion = 10.0.40219.1
Project("{FAE04EC0-301F-11D3-BF4B-00C04F79EFBC}") = "PruebaKite", "PruebaKite.csproj", "{C67B30FA-EE08-4D24-99D8-852A621FE0EA}"
EndProject
Global
	GlobalSection(SolutionConfigurationPlatforms) = preSolution
		Debug|Any CPU = Debug|Any CPU
		Release|Any CPU = Release|Any CPU
	EndGlobalSection
	GlobalSection(ProjectConfigurationPlatforms) = postSolution
		{C67B30FA-EE08-4D24-99D8-852A621FE0EA}.Debug|Any CPU.ActiveCfg = Debug|Any CPU
		{C67B30FA-EE08-4D24-99D8-852A621FE0EA}.Debug|Any CPU.Build.0 = Debug|Any CPU
		{C67B30FA-EE08-4D24-99D8-852A621FE0EA}.Release|Any CPU.ActiveCfg = Release|Any CPU
		{C67B30FA-EE08-4D24-99D8-852A621FE0EA}.Release|Any CPU.Build.0 = Release|Any CPU
	EndGlobalSection
	GlobalSection(SolutionProperties) = preSolution
		HideSolutionNode = FALSE
	EndGlobalSection
	GlobalSection(ExtensibilityGlobals) = postSolution
		SolutionGuid = {FF35E558-87B9-4930-A0E1-634C5E816900}
	EndGlobalSection
EndGlobal
